// !$*UTF8*$!
{
	archiveVersion = 1;
	classes = {
	};
	objectVersion = 46;
	objects = {

/* Begin PBXBuildFile section */
		FCEE44BF194EAB4500938623 /* AppDelegate.swift in Sources */ = {isa = PBXBuildFile; fileRef = FCEE44BE194EAB4500938623 /* AppDelegate.swift */; };
		FCEE44C1194EAB4500938623 /* MasterViewController.swift in Sources */ = {isa = PBXBuildFile; fileRef = FCEE44C0194EAB4500938623 /* MasterViewController.swift */; };
		FCEE44C3194EAB4500938623 /* DetailViewController.swift in Sources */ = {isa = PBXBuildFile; fileRef = FCEE44C2194EAB4500938623 /* DetailViewController.swift */; };
		FCEE44C6194EAB4500938623 /* Main.storyboard in Resources */ = {isa = PBXBuildFile; fileRef = FCEE44C4194EAB4500938623 /* Main.storyboard */; };
		FCEE44C8194EAB4500938623 /* Images.xcassets in Resources */ = {isa = PBXBuildFile; fileRef = FCEE44C7194EAB4500938623 /* Images.xcassets */; };
		FCEE44D4194EAB4500938623 /* iSci_Example_iOSTests.swift in Sources */ = {isa = PBXBuildFile; fileRef = FCEE44D3194EAB4500938623 /* iSci_Example_iOSTests.swift */; };
/* End PBXBuildFile section */

/* Begin PBXContainerItemProxy section */
		FCEE44CE194EAB4500938623 /* PBXContainerItemProxy */ = {
			isa = PBXContainerItemProxy;
			containerPortal = FCEE44B1194EAB4500938623 /* Project object */;
			proxyType = 1;
			remoteGlobalIDString = FCEE44B8194EAB4500938623;
			remoteInfo = iSci_Example_iOS;
		};
/* End PBXContainerItemProxy section */

/* Begin PBXFileReference section */
		FCEE44B9194EAB4500938623 /* iSci_Example_iOS.app */ = {isa = PBXFileReference; explicitFileType = wrapper.application; includeInIndex = 0; path = iSci_Example_iOS.app; sourceTree = BUILT_PRODUCTS_DIR; };
		FCEE44BD194EAB4500938623 /* Info.plist */ = {isa = PBXFileReference; lastKnownFileType = text.plist.xml; path = Info.plist; sourceTree = "<group>"; };
		FCEE44BE194EAB4500938623 /* AppDelegate.swift */ = {isa = PBXFileReference; lastKnownFileType = sourcecode.swift; path = AppDelegate.swift; sourceTree = "<group>"; };
		FCEE44C0194EAB4500938623 /* MasterViewController.swift */ = {isa = PBXFileReference; lastKnownFileType = sourcecode.swift; path = MasterViewController.swift; sourceTree = "<group>"; };
		FCEE44C2194EAB4500938623 /* DetailViewController.swift */ = {isa = PBXFileReference; lastKnownFileType = sourcecode.swift; path = DetailViewController.swift; sourceTree = "<group>"; };
		FCEE44C5194EAB4500938623 /* Base */ = {isa = PBXFileReference; lastKnownFileType = file.storyboard; name = Base; path = Base.lproj/Main.storyboard; sourceTree = "<group>"; };
		FCEE44C7194EAB4500938623 /* Images.xcassets */ = {isa = PBXFileReference; lastKnownFileType = folder.assetcatalog; path = Images.xcassets; sourceTree = "<group>"; };
		FCEE44CD194EAB4500938623 /* iSci_Example_iOSTests.xctest */ = {isa = PBXFileReference; explicitFileType = wrapper.cfbundle; includeInIndex = 0; path = iSci_Example_iOSTests.xctest; sourceTree = BUILT_PRODUCTS_DIR; };
		FCEE44D2194EAB4500938623 /* Info.plist */ = {isa = PBXFileReference; lastKnownFileType = text.plist.xml; path = Info.plist; sourceTree = "<group>"; };
		FCEE44D3194EAB4500938623 /* iSci_Example_iOSTests.swift */ = {isa = PBXFileReference; lastKnownFileType = sourcecode.swift; path = iSci_Example_iOSTests.swift; sourceTree = "<group>"; };
/* End PBXFileReference section */

/* Begin PBXFrameworksBuildPhase section */
		FCEE44B6194EAB4500938623 /* Frameworks */ = {
			isa = PBXFrameworksBuildPhase;
			buildActionMask = 2147483647;
			files = (
			);
			runOnlyForDeploymentPostprocessing = 0;
		};
		FCEE44CA194EAB4500938623 /* Frameworks */ = {
			isa = PBXFrameworksBuildPhase;
			buildActionMask = 2147483647;
			files = (
			);
			runOnlyForDeploymentPostprocessing = 0;
		};
/* End PBXFrameworksBuildPhase section */

/* Begin PBXGroup section */
		FCEE44B0194EAB4500938623 = {
			isa = PBXGroup;
			children = (
				FCEE44BB194EAB4500938623 /* iSci_Example_iOS */,
				FCEE44D0194EAB4500938623 /* iSci_Example_iOSTests */,
				FCEE44BA194EAB4500938623 /* Products */,
			);
			sourceTree = "<group>";
		};
		FCEE44BA194EAB4500938623 /* Products */ = {
			isa = PBXGroup;
			children = (
				FCEE44B9194EAB4500938623 /* iSci_Example_iOS.app */,
				FCEE44CD194EAB4500938623 /* iSci_Example_iOSTests.xctest */,
			);
			name = Products;
			sourceTree = "<group>";
		};
		FCEE44BB194EAB4500938623 /* iSci_Example_iOS */ = {
			isa = PBXGroup;
			children = (
				FCEE44BE194EAB4500938623 /* AppDelegate.swift */,
				FCEE44C0194EAB4500938623 /* MasterViewController.swift */,
				FCEE44C2194EAB4500938623 /* DetailViewController.swift */,
				FCEE44C4194EAB4500938623 /* Main.storyboard */,
				FCEE44C7194EAB4500938623 /* Images.xcassets */,
				FCEE44BC194EAB4500938623 /* Supporting Files */,
			);
			path = iSci_Example_iOS;
			sourceTree = "<group>";
		};
		FCEE44BC194EAB4500938623 /* Supporting Files */ = {
			isa = PBXGroup;
			children = (
				FCEE44BD194EAB4500938623 /* Info.plist */,
			);
			name = "Supporting Files";
			sourceTree = "<group>";
		};
		FCEE44D0194EAB4500938623 /* iSci_Example_iOSTests */ = {
			isa = PBXGroup;
			children = (
				FCEE44D3194EAB4500938623 /* iSci_Example_iOSTests.swift */,
				FCEE44D1194EAB4500938623 /* Supporting Files */,
			);
			path = iSci_Example_iOSTests;
			sourceTree = "<group>";
		};
		FCEE44D1194EAB4500938623 /* Supporting Files */ = {
			isa = PBXGroup;
			children = (
				FCEE44D2194EAB4500938623 /* Info.plist */,
			);
			name = "Supporting Files";
			sourceTree = "<group>";
		};
/* End PBXGroup section */

/* Begin PBXNativeTarget section */
		FCEE44B8194EAB4500938623 /* iSci_Example_iOS */ = {
			isa = PBXNativeTarget;
			buildConfigurationList = FCEE44D7194EAB4500938623 /* Build configuration list for PBXNativeTarget "iSci_Example_iOS" */;
			buildPhases = (
				FCEE44B5194EAB4500938623 /* Sources */,
				FCEE44B6194EAB4500938623 /* Frameworks */,
				FCEE44B7194EAB4500938623 /* Resources */,
			);
			buildRules = (
			);
			dependencies = (
			);
			name = iSci_Example_iOS;
			productName = iSci_Example_iOS;
			productReference = FCEE44B9194EAB4500938623 /* iSci_Example_iOS.app */;
			productType = "com.apple.product-type.application";
		};
		FCEE44CC194EAB4500938623 /* iSci_Example_iOSTests */ = {
			isa = PBXNativeTarget;
			buildConfigurationList = FCEE44DA194EAB4500938623 /* Build configuration list for PBXNativeTarget "iSci_Example_iOSTests" */;
			buildPhases = (
				FCEE44C9194EAB4500938623 /* Sources */,
				FCEE44CA194EAB4500938623 /* Frameworks */,
				FCEE44CB194EAB4500938623 /* Resources */,
			);
			buildRules = (
			);
			dependencies = (
				FCEE44CF194EAB4500938623 /* PBXTargetDependency */,
			);
			name = iSci_Example_iOSTests;
			productName = iSci_Example_iOSTests;
			productReference = FCEE44CD194EAB4500938623 /* iSci_Example_iOSTests.xctest */;
			productType = "com.apple.product-type.bundle.unit-test";
		};
/* End PBXNativeTarget section */

/* Begin PBXProject section */
		FCEE44B1194EAB4500938623 /* Project object */ = {
			isa = PBXProject;
			attributes = {
				LastUpgradeCheck = 0600;
				ORGANIZATIONNAME = "Viper Science";
				TargetAttributes = {
					FCEE44B8194EAB4500938623 = {
						CreatedOnToolsVersion = 6.0;
					};
					FCEE44CC194EAB4500938623 = {
						CreatedOnToolsVersion = 6.0;
						TestTargetID = FCEE44B8194EAB4500938623;
					};
				};
			};
			buildConfigurationList = FCEE44B4194EAB4500938623 /* Build configuration list for PBXProject "iSci_Example_iOS" */;
			compatibilityVersion = "Xcode 3.2";
			developmentRegion = English;
			hasScannedForEncodings = 0;
			knownRegions = (
				en,
				Base,
			);
			mainGroup = FCEE44B0194EAB4500938623;
			productRefGroup = FCEE44BA194EAB4500938623 /* Products */;
			projectDirPath = "";
			projectRoot = "";
			targets = (
				FCEE44B8194EAB4500938623 /* iSci_Example_iOS */,
				FCEE44CC194EAB4500938623 /* iSci_Example_iOSTests */,
			);
		};
/* End PBXProject section */

/* Begin PBXResourcesBuildPhase section */
		FCEE44B7194EAB4500938623 /* Resources */ = {
			isa = PBXResourcesBuildPhase;
			buildActionMask = 2147483647;
			files = (
				FCEE44C6194EAB4500938623 /* Main.storyboard in Resources */,
				FCEE44C8194EAB4500938623 /* Images.xcassets in Resources */,
			);
			runOnlyForDeploymentPostprocessing = 0;
		};
		FCEE44CB194EAB4500938623 /* Resources */ = {
			isa = PBXResourcesBuildPhase;
			buildActionMask = 2147483647;
			files = (
			);
			runOnlyForDeploymentPostprocessing = 0;
		};
/* End PBXResourcesBuildPhase section */

/* Begin PBXSourcesBuildPhase section */
		FCEE44B5194EAB4500938623 /* Sources */ = {
			isa = PBXSourcesBuildPhase;
			buildActionMask = 2147483647;
			files = (
				FCEE44C3194EAB4500938623 /* DetailViewController.swift in Sources */,
				FCEE44C1194EAB4500938623 /* MasterViewController.swift in Sources */,
				FCEE44BF194EAB4500938623 /* AppDelegate.swift in Sources */,
			);
			runOnlyForDeploymentPostprocessing = 0;
		};
		FCEE44C9194EAB4500938623 /* Sources */ = {
			isa = PBXSourcesBuildPhase;
			buildActionMask = 2147483647;
			files = (
				FCEE44D4194EAB4500938623 /* iSci_Example_iOSTests.swift in Sources */,
			);
			runOnlyForDeploymentPostprocessing = 0;
		};
/* End PBXSourcesBuildPhase section */

/* Begin PBXTargetDependency section */
		FCEE44CF194EAB4500938623 /* PBXTargetDependency */ = {
			isa = PBXTargetDependency;
			target = FCEE44B8194EAB4500938623 /* iSci_Example_iOS */;
			targetProxy = FCEE44CE194EAB4500938623 /* PBXContainerItemProxy */;
		};
/* End PBXTargetDependency section */

/* Begin PBXVariantGroup section */
		FCEE44C4194EAB4500938623 /* Main.storyboard */ = {
			isa = PBXVariantGroup;
			children = (
				FCEE44C5194EAB4500938623 /* Base */,
			);
			name = Main.storyboard;
			sourceTree = "<group>";
		};
/* End PBXVariantGroup section */

/* Begin XCBuildConfiguration section */
		FCEE44D5194EAB4500938623 /* Debug */ = {
			isa = XCBuildConfiguration;
			buildSettings = {
				ALWAYS_SEARCH_USER_PATHS = NO;
				CLANG_CXX_LANGUAGE_STANDARD = "gnu++0x";
				CLANG_CXX_LIBRARY = "libc++";
				CLANG_ENABLE_MODULES = YES;
				CLANG_ENABLE_OBJC_ARC = YES;
				CLANG_WARN_BOOL_CONVERSION = YES;
				CLANG_WARN_CONSTANT_CONVERSION = YES;
				CLANG_WARN_DIRECT_OBJC_ISA_USAGE = YES_ERROR;
				CLANG_WARN_EMPTY_BODY = YES;
				CLANG_WARN_ENUM_CONVERSION = YES;
				CLANG_WARN_INT_CONVERSION = YES;
				CLANG_WARN_OBJC_ROOT_CLASS = YES_ERROR;
				CLANG_WARN_UNREACHABLE_CODE = YES;
				CLANG_WARN__DUPLICATE_METHOD_MATCH = YES;
				"CODE_SIGN_IDENTITY[sdk=iphoneos*]" = "iPhone Developer";
				COPY_PHASE_STRIP = NO;
				ENABLE_STRICT_OBJC_MSGSEND = YES;
				GCC_C_LANGUAGE_STANDARD = gnu99;
				GCC_DYNAMIC_NO_PIC = NO;
				GCC_OPTIMIZATION_LEVEL = 0;
				GCC_PREPROCESSOR_DEFINITIONS = (
					"DEBUG=1",
					"$(inherited)",
				);
				GCC_SYMBOLS_PRIVATE_EXTERN = NO;
				GCC_WARN_64_TO_32_BIT_CONVERSION = YES;
				GCC_WARN_ABOUT_RETURN_TYPE = YES_ERROR;
				GCC_WARN_UNDECLARED_SELECTOR = YES;
				GCC_WARN_UNINITIALIZED_AUTOS = YES_AGGRESSIVE;
				GCC_WARN_UNUSED_FUNCTION = YES;
				GCC_WARN_UNUSED_VARIABLE = YES;
				IPHONEOS_DEPLOYMENT_TARGET = 8.0;
				METAL_ENABLE_DEBUG_INFO = YES;
				ONLY_ACTIVE_ARCH = YES;
				SDKROOT = iphoneos;
				SWIFT_OPTIMIZATION_LEVEL = "-Onone";
				TARGETED_DEVICE_FAMILY = "1,2";
			};
			name = Debug;
		};
		FCEE44D6194EAB4500938623 /* Release */ = {
			isa = XCBuildConfiguration;
			buildSettings = {
				ALWAYS_SEARCH_USER_PATHS = NO;
				CLANG_CXX_LANGUAGE_STANDARD = "gnu++0x";
				CLANG_CXX_LIBRARY = "libc++";
				CLANG_ENABLE_MODULES = YES;
				CLANG_ENABLE_OBJC_ARC = YES;
				CLANG_WARN_BOOL_CONVERSION = YES;
				CLANG_WARN_CONSTANT_CONVERSION = YES;
				CLANG_WARN_DIRECT_OBJC_ISA_USAGE = YES_ERROR;
				CLANG_WARN_EMPTY_BODY = YES;
				CLANG_WARN_ENUM_CONVERSION = YES;
				CLANG_WARN_INT_CONVERSION = YES;
				CLANG_WARN_OBJC_ROOT_CLASS = YES_ERROR;
				CLANG_WARN_UNREACHABLE_CODE = YES;
				CLANG_WARN__DUPLICATE_METHOD_MATCH = YES;
				"CODE_SIGN_IDENTITY[sdk=iphoneos*]" = "iPhone Developer";
				COPY_PHASE_STRIP = YES;
				ENABLE_NS_ASSERTIONS = NO;
				ENABLE_STRICT_OBJC_MSGSEND = YES;
				GCC_C_LANGUAGE_STANDARD = gnu99;
				GCC_WARN_64_TO_32_BIT_CONVERSION = YES;
				GCC_WARN_ABOUT_RETURN_TYPE = YES_ERROR;
				GCC_WARN_UNDECLARED_SELECTOR = YES;
				GCC_WARN_UNINITIALIZED_AUTOS = YES_AGGRESSIVE;
				GCC_WARN_UNUSED_FUNCTION = YES;
				GCC_WARN_UNUSED_VARIABLE = YES;
				IPHONEOS_DEPLOYMENT_TARGET = 8.0;
				METAL_ENABLE_DEBUG_INFO = NO;
				SDKROOT = iphoneos;
				TARGETED_DEVICE_FAMILY = "1,2";
				VALIDATE_PRODUCT = YES;
			};
			name = Release;
		};
		FCEE44D8194EAB4500938623 /* Debug */ = {
			isa = XCBuildConfiguration;
			buildSettings = {
				ASSETCATALOG_COMPILER_APPICON_NAME = AppIcon;
				ASSETCATALOG_COMPILER_LAUNCHIMAGE_NAME = LaunchImage;
				INFOPLIST_FILE = iSci_Example_iOS/Info.plist;
				LD_RUNPATH_SEARCH_PATHS = "$(inherited) @executable_path/Frameworks";
				PRODUCT_NAME = "$(TARGET_NAME)";
			};
			name = Debug;
		};
		FCEE44D9194EAB4500938623 /* Release */ = {
			isa = XCBuildConfiguration;
			buildSettings = {
				ASSETCATALOG_COMPILER_APPICON_NAME = AppIcon;
				ASSETCATALOG_COMPILER_LAUNCHIMAGE_NAME = LaunchImage;
				INFOPLIST_FILE = iSci_Example_iOS/Info.plist;
				LD_RUNPATH_SEARCH_PATHS = "$(inherited) @executable_path/Frameworks";
				PRODUCT_NAME = "$(TARGET_NAME)";
			};
			name = Release;
		};
		FCEE44DB194EAB4500938623 /* Debug */ = {
			isa = XCBuildConfiguration;
			buildSettings = {
				BUNDLE_LOADER = "$(BUILT_PRODUCTS_DIR)/iSci_Example_iOS.app/iSci_Example_iOS";
				FRAMEWORK_SEARCH_PATHS = (
					"$(SDKROOT)/Developer/Library/Frameworks",
					"$(inherited)",
				);
				GCC_PREPROCESSOR_DEFINITIONS = (
					"DEBUG=1",
					"$(inherited)",
				);
				INFOPLIST_FILE = iSci_Example_iOSTests/Info.plist;
				LD_RUNPATH_SEARCH_PATHS = "$(inherited) @executable_path/Frameworks @loader_path/Frameworks";
				METAL_ENABLE_DEBUG_INFO = YES;
				PRODUCT_NAME = "$(TARGET_NAME)";
				TEST_HOST = "$(BUNDLE_LOADER)";
			};
			name = Debug;
		};
		FCEE44DC194EAB4500938623 /* Release */ = {
			isa = XCBuildConfiguration;
			buildSettings = {
				BUNDLE_LOADER = "$(BUILT_PRODUCTS_DIR)/iSci_Example_iOS.app/iSci_Example_iOS";
				FRAMEWORK_SEARCH_PATHS = (
					"$(SDKROOT)/Developer/Library/Frameworks",
					"$(inherited)",
				);
				INFOPLIST_FILE = iSci_Example_iOSTests/Info.plist;
				LD_RUNPATH_SEARCH_PATHS = "$(inherited) @executable_path/Frameworks @loader_path/Frameworks";
				METAL_ENABLE_DEBUG_INFO = NO;
				PRODUCT_NAME = "$(TARGET_NAME)";
				TEST_HOST = "$(BUNDLE_LOADER)";
			};
			name = Release;
		};
/* End XCBuildConfiguration section */

/* Begin XCConfigurationList section */
		FCEE44B4194EAB4500938623 /* Build configuration list for PBXProject "iSci_Example_iOS" */ = {
			isa = XCConfigurationList;
			buildConfigurations = (
				FCEE44D5194EAB4500938623 /* Debug */,
				FCEE44D6194EAB4500938623 /* Release */,
			);
			defaultConfigurationIsVisible = 0;
			defaultConfigurationName = Release;
		};
		FCEE44D7194EAB4500938623 /* Build configuration list for PBXNativeTarget "iSci_Example_iOS" */ = {
			isa = XCConfigurationList;
			buildConfigurations = (
				FCEE44D8194EAB4500938623 /* Debug */,
				FCEE44D9194EAB4500938623 /* Release */,
			);
			defaultConfigurationIsVisible = 0;
		};
		FCEE44DA194EAB4500938623 /* Build configuration list for PBXNativeTarget "iSci_Example_iOSTests" */ = {
			isa = XCConfigurationList;
			buildConfigurations = (
				FCEE44DB194EAB4500938623 /* Debug */,
				FCEE44DC194EAB4500938623 /* Release */,
			);
			defaultConfigurationIsVisible = 0;
		};
/* End XCConfigurationList section */
	};
	rootObject = FCEE44B1194EAB4500938623 /* Project object */;
}
