// !$*UTF8*$!
{
	archiveVersion = 1;
	classes = {
	};
	objectVersion = 46;
	objects = {

/* Begin PBXBuildFile section */
		011D947D19D83B3900E14A3F /* AppDelegate.swift in Sources */ = {isa = PBXBuildFile; fileRef = 011D947C19D83B3900E14A3F /* AppDelegate.swift */; };
		011D947F19D83B3900E14A3F /* GameScene.sks in Resources */ = {isa = PBXBuildFile; fileRef = 011D947E19D83B3900E14A3F /* GameScene.sks */; };
		011D948119D83B3900E14A3F /* GameScene.swift in Sources */ = {isa = PBXBuildFile; fileRef = 011D948019D83B3900E14A3F /* GameScene.swift */; };
		011D948319D83B3900E14A3F /* GameViewController.swift in Sources */ = {isa = PBXBuildFile; fileRef = 011D948219D83B3900E14A3F /* GameViewController.swift */; };
		011D948619D83B3900E14A3F /* Main.storyboard in Resources */ = {isa = PBXBuildFile; fileRef = 011D948419D83B3900E14A3F /* Main.storyboard */; };
		011D948819D83B3900E14A3F /* Images.xcassets in Resources */ = {isa = PBXBuildFile; fileRef = 011D948719D83B3900E14A3F /* Images.xcassets */; };
		011D948B19D83B3900E14A3F /* LaunchScreen.xib in Resources */ = {isa = PBXBuildFile; fileRef = 011D948919D83B3900E14A3F /* LaunchScreen.xib */; };
		011D949719D83B3900E14A3F /* Space_CannonTests.swift in Sources */ = {isa = PBXBuildFile; fileRef = 011D949619D83B3900E14A3F /* Space_CannonTests.swift */; };
		011D94AD19D83D2E00E14A3F /* Ammo0@2x.png in Resources */ = {isa = PBXBuildFile; fileRef = 011D94A119D83D2E00E14A3F /* Ammo0@2x.png */; };
		011D94AE19D83D2E00E14A3F /* Ammo1@2x.png in Resources */ = {isa = PBXBuildFile; fileRef = 011D94A219D83D2E00E14A3F /* Ammo1@2x.png */; };
		011D94AF19D83D2E00E14A3F /* Ammo2@2x.png in Resources */ = {isa = PBXBuildFile; fileRef = 011D94A319D83D2E00E14A3F /* Ammo2@2x.png */; };
		011D94B019D83D2E00E14A3F /* Ammo3@2x.png in Resources */ = {isa = PBXBuildFile; fileRef = 011D94A419D83D2E00E14A3F /* Ammo3@2x.png */; };
		011D94B119D83D2E00E14A3F /* Ammo4@2x.png in Resources */ = {isa = PBXBuildFile; fileRef = 011D94A519D83D2E00E14A3F /* Ammo4@2x.png */; };
		011D94B219D83D2E00E14A3F /* Ammo5@2x.png in Resources */ = {isa = PBXBuildFile; fileRef = 011D94A619D83D2E00E14A3F /* Ammo5@2x.png */; };
		011D94B319D83D2E00E14A3F /* Ball@2x.png in Resources */ = {isa = PBXBuildFile; fileRef = 011D94A719D83D2E00E14A3F /* Ball@2x.png */; };
		011D94B419D83D2E00E14A3F /* Block@2x.png in Resources */ = {isa = PBXBuildFile; fileRef = 011D94A819D83D2E00E14A3F /* Block@2x.png */; };
		011D94B519D83D2E00E14A3F /* BlueBar@2x.png in Resources */ = {isa = PBXBuildFile; fileRef = 011D94A919D83D2E00E14A3F /* BlueBar@2x.png */; };
		011D94B619D83D2E00E14A3F /* Cannon@2x.png in Resources */ = {isa = PBXBuildFile; fileRef = 011D94AA19D83D2E00E14A3F /* Cannon@2x.png */; };
		011D94B719D83D2E00E14A3F /* Halo@2x.png in Resources */ = {isa = PBXBuildFile; fileRef = 011D94AB19D83D2E00E14A3F /* Halo@2x.png */; };
		011D94B819D83D2E00E14A3F /* Starfield@2x.png in Resources */ = {isa = PBXBuildFile; fileRef = 011D94AC19D83D2E00E14A3F /* Starfield@2x.png */; };
		013A378219E2D5F800EC1CD4 /* HaloExplosion.sks in Resources */ = {isa = PBXBuildFile; fileRef = 013A378019E2D5F800EC1CD4 /* HaloExplosion.sks */; };
		0179A40A19E6DD1F00DC11B2 /* Ball.swift in Sources */ = {isa = PBXBuildFile; fileRef = 0179A40919E6DD1F00DC11B2 /* Ball.swift */; };
		0179A40C19E6ED2200DC11B2 /* Halo.swift in Sources */ = {isa = PBXBuildFile; fileRef = 0179A40B19E6ED2200DC11B2 /* Halo.swift */; };
		0179A40E19E7018D00DC11B2 /* HaloX@2x.png in Resources */ = {isa = PBXBuildFile; fileRef = 0179A40D19E7018D00DC11B2 /* HaloX@2x.png */; };
		0179A41019E711CF00DC11B2 /* HaloBomb@2x.png in Resources */ = {isa = PBXBuildFile; fileRef = 0179A40F19E711CF00DC11B2 /* HaloBomb@2x.png */; };
		0179A41219E8285E00DC11B2 /* ShieldUp.caf in Resources */ = {isa = PBXBuildFile; fileRef = 0179A41119E8276E00DC11B2 /* ShieldUp.caf */; };
		0179A41519E82D4500DC11B2 /* GreenCannon@2x.png in Resources */ = {isa = PBXBuildFile; fileRef = 0179A41319E82D4500DC11B2 /* GreenCannon@2x.png */; };
		0179A41619E82D4500DC11B2 /* MultiShotPowerUp@2x.png in Resources */ = {isa = PBXBuildFile; fileRef = 0179A41419E82D4500DC11B2 /* MultiShotPowerUp@2x.png */; };
		01B1DEDB19E87620004665FD /* PauseButton@2x.png in Resources */ = {isa = PBXBuildFile; fileRef = 01B1DED919E87620004665FD /* PauseButton@2x.png */; };
		01B1DEDC19E87620004665FD /* ResumeButton@2x.png in Resources */ = {isa = PBXBuildFile; fileRef = 01B1DEDA19E87620004665FD /* ResumeButton@2x.png */; };
		01B1DEE319E89EDA004665FD /* ObservingTheStar.caf in Resources */ = {isa = PBXBuildFile; fileRef = 01B1DEE219E89EDA004665FD /* ObservingTheStar.caf */; };
		01B1DEE619E89F9A004665FD /* MusicOffButton@2x.png in Resources */ = {isa = PBXBuildFile; fileRef = 01B1DEE419E89F9A004665FD /* MusicOffButton@2x.png */; };
		01B1DEE719E89F9A004665FD /* MusicOnButton@2x.png in Resources */ = {isa = PBXBuildFile; fileRef = 01B1DEE519E89F9A004665FD /* MusicOnButton@2x.png */; };
		01B9CEE119E30A82003673F6 /* LifeBarExplosion.sks in Resources */ = {isa = PBXBuildFile; fileRef = 01B9CEDF19E30A82003673F6 /* LifeBarExplosion.sks */; };
		01B9CEE219E30A82003673F6 /* spark.png in Resources */ = {isa = PBXBuildFile; fileRef = 01B9CEE019E30A82003673F6 /* spark.png */; };
		01B9CEE419E30E69003673F6 /* EdgeHit.sks in Resources */ = {isa = PBXBuildFile; fileRef = 01B9CEE319E30E69003673F6 /* EdgeHit.sks */; };
		01CD8CB019E6D506002381D4 /* BallTrail.sks in Resources */ = {isa = PBXBuildFile; fileRef = 01CD8CAF19E6D506002381D4 /* BallTrail.sks */; };
		01EC34D519E44A1F0049E6D0 /* Bounce.caf in Resources */ = {isa = PBXBuildFile; fileRef = 01EC34D019E44A1F0049E6D0 /* Bounce.caf */; };
		01EC34D619E44A1F0049E6D0 /* DeepExplosion.caf in Resources */ = {isa = PBXBuildFile; fileRef = 01EC34D119E44A1F0049E6D0 /* DeepExplosion.caf */; };
		01EC34D719E44A1F0049E6D0 /* Explosion.caf in Resources */ = {isa = PBXBuildFile; fileRef = 01EC34D219E44A1F0049E6D0 /* Explosion.caf */; };
		01EC34D819E44A1F0049E6D0 /* Laser.caf in Resources */ = {isa = PBXBuildFile; fileRef = 01EC34D319E44A1F0049E6D0 /* Laser.caf */; };
		01EC34D919E44A1F0049E6D0 /* Zap.caf in Resources */ = {isa = PBXBuildFile; fileRef = 01EC34D419E44A1F0049E6D0 /* Zap.caf */; };
		01EC34DD19E44D450049E6D0 /* PlayButton@2x.png in Resources */ = {isa = PBXBuildFile; fileRef = 01EC34DA19E44D450049E6D0 /* PlayButton@2x.png */; };
		01EC34DE19E44D450049E6D0 /* ScoreBoard@2x.png in Resources */ = {isa = PBXBuildFile; fileRef = 01EC34DB19E44D450049E6D0 /* ScoreBoard@2x.png */; };
		01EC34DF19E44D450049E6D0 /* Title@2x.png in Resources */ = {isa = PBXBuildFile; fileRef = 01EC34DC19E44D450049E6D0 /* Title@2x.png */; };
		01EC34E119E44DEC0049E6D0 /* Menu.swift in Sources */ = {isa = PBXBuildFile; fileRef = 01EC34E019E44DEC0049E6D0 /* Menu.swift */; };
/* End PBXBuildFile section */

/* Begin PBXContainerItemProxy section */
		011D949119D83B3900E14A3F /* PBXContainerItemProxy */ = {
			isa = PBXContainerItemProxy;
			containerPortal = 011D946F19D83B3900E14A3F /* Project object */;
			proxyType = 1;
			remoteGlobalIDString = 011D947619D83B3900E14A3F;
			remoteInfo = "Space Cannon";
		};
/* End PBXContainerItemProxy section */

/* Begin PBXFileReference section */
		011D947719D83B3900E14A3F /* Space Cannon.app */ = {isa = PBXFileReference; explicitFileType = wrapper.application; includeInIndex = 0; path = "Space Cannon.app"; sourceTree = BUILT_PRODUCTS_DIR; };
		011D947B19D83B3900E14A3F /* Info.plist */ = {isa = PBXFileReference; lastKnownFileType = text.plist.xml; path = Info.plist; sourceTree = "<group>"; };
		011D947C19D83B3900E14A3F /* AppDelegate.swift */ = {isa = PBXFileReference; lastKnownFileType = sourcecode.swift; path = AppDelegate.swift; sourceTree = "<group>"; };
		011D947E19D83B3900E14A3F /* GameScene.sks */ = {isa = PBXFileReference; lastKnownFileType = file.sks; path = GameScene.sks; sourceTree = "<group>"; };
		011D948019D83B3900E14A3F /* GameScene.swift */ = {isa = PBXFileReference; lastKnownFileType = sourcecode.swift; path = GameScene.swift; sourceTree = "<group>"; };
		011D948219D83B3900E14A3F /* GameViewController.swift */ = {isa = PBXFileReference; lastKnownFileType = sourcecode.swift; path = GameViewController.swift; sourceTree = "<group>"; };
		011D948519D83B3900E14A3F /* Base */ = {isa = PBXFileReference; lastKnownFileType = file.storyboard; name = Base; path = Base.lproj/Main.storyboard; sourceTree = "<group>"; };
		011D948719D83B3900E14A3F /* Images.xcassets */ = {isa = PBXFileReference; lastKnownFileType = folder.assetcatalog; path = Images.xcassets; sourceTree = "<group>"; };
		011D948A19D83B3900E14A3F /* Base */ = {isa = PBXFileReference; lastKnownFileType = file.xib; name = Base; path = Base.lproj/LaunchScreen.xib; sourceTree = "<group>"; };
		011D949019D83B3900E14A3F /* Space CannonTests.xctest */ = {isa = PBXFileReference; explicitFileType = wrapper.cfbundle; includeInIndex = 0; path = "Space CannonTests.xctest"; sourceTree = BUILT_PRODUCTS_DIR; };
		011D949519D83B3900E14A3F /* Info.plist */ = {isa = PBXFileReference; lastKnownFileType = text.plist.xml; path = Info.plist; sourceTree = "<group>"; };
		011D949619D83B3900E14A3F /* Space_CannonTests.swift */ = {isa = PBXFileReference; lastKnownFileType = sourcecode.swift; path = Space_CannonTests.swift; sourceTree = "<group>"; };
		011D94A119D83D2E00E14A3F /* Ammo0@2x.png */ = {isa = PBXFileReference; lastKnownFileType = image.png; path = "Ammo0@2x.png"; sourceTree = "<group>"; };
		011D94A219D83D2E00E14A3F /* Ammo1@2x.png */ = {isa = PBXFileReference; lastKnownFileType = image.png; path = "Ammo1@2x.png"; sourceTree = "<group>"; };
		011D94A319D83D2E00E14A3F /* Ammo2@2x.png */ = {isa = PBXFileReference; lastKnownFileType = image.png; path = "Ammo2@2x.png"; sourceTree = "<group>"; };
		011D94A419D83D2E00E14A3F /* Ammo3@2x.png */ = {isa = PBXFileReference; lastKnownFileType = image.png; path = "Ammo3@2x.png"; sourceTree = "<group>"; };
		011D94A519D83D2E00E14A3F /* Ammo4@2x.png */ = {isa = PBXFileReference; lastKnownFileType = image.png; path = "Ammo4@2x.png"; sourceTree = "<group>"; };
		011D94A619D83D2E00E14A3F /* Ammo5@2x.png */ = {isa = PBXFileReference; lastKnownFileType = image.png; path = "Ammo5@2x.png"; sourceTree = "<group>"; };
		011D94A719D83D2E00E14A3F /* Ball@2x.png */ = {isa = PBXFileReference; lastKnownFileType = image.png; path = "Ball@2x.png"; sourceTree = "<group>"; };
		011D94A819D83D2E00E14A3F /* Block@2x.png */ = {isa = PBXFileReference; lastKnownFileType = image.png; path = "Block@2x.png"; sourceTree = "<group>"; };
		011D94A919D83D2E00E14A3F /* BlueBar@2x.png */ = {isa = PBXFileReference; lastKnownFileType = image.png; path = "BlueBar@2x.png"; sourceTree = "<group>"; };
		011D94AA19D83D2E00E14A3F /* Cannon@2x.png */ = {isa = PBXFileReference; lastKnownFileType = image.png; path = "Cannon@2x.png"; sourceTree = "<group>"; };
		011D94AB19D83D2E00E14A3F /* Halo@2x.png */ = {isa = PBXFileReference; lastKnownFileType = image.png; path = "Halo@2x.png"; sourceTree = "<group>"; };
		011D94AC19D83D2E00E14A3F /* Starfield@2x.png */ = {isa = PBXFileReference; lastKnownFileType = image.png; path = "Starfield@2x.png"; sourceTree = "<group>"; };
		013A378019E2D5F800EC1CD4 /* HaloExplosion.sks */ = {isa = PBXFileReference; lastKnownFileType = file.sks; name = HaloExplosion.sks; path = ../HaloExplosion.sks; sourceTree = "<group>"; };
		0179A40919E6DD1F00DC11B2 /* Ball.swift */ = {isa = PBXFileReference; fileEncoding = 4; lastKnownFileType = sourcecode.swift; path = Ball.swift; sourceTree = "<group>"; };
		0179A40B19E6ED2200DC11B2 /* Halo.swift */ = {isa = PBXFileReference; fileEncoding = 4; lastKnownFileType = sourcecode.swift; path = Halo.swift; sourceTree = "<group>"; };
		0179A40D19E7018D00DC11B2 /* HaloX@2x.png */ = {isa = PBXFileReference; lastKnownFileType = image.png; path = "HaloX@2x.png"; sourceTree = "<group>"; };
		0179A40F19E711CF00DC11B2 /* HaloBomb@2x.png */ = {isa = PBXFileReference; lastKnownFileType = image.png; path = "HaloBomb@2x.png"; sourceTree = "<group>"; };
		0179A41119E8276E00DC11B2 /* ShieldUp.caf */ = {isa = PBXFileReference; lastKnownFileType = file; path = ShieldUp.caf; sourceTree = "<group>"; };
		0179A41319E82D4500DC11B2 /* GreenCannon@2x.png */ = {isa = PBXFileReference; lastKnownFileType = image.png; name = "GreenCannon@2x.png"; path = "../GreenCannon@2x.png"; sourceTree = "<group>"; };
		0179A41419E82D4500DC11B2 /* MultiShotPowerUp@2x.png */ = {isa = PBXFileReference; lastKnownFileType = image.png; name = "MultiShotPowerUp@2x.png"; path = "../MultiShotPowerUp@2x.png"; sourceTree = "<group>"; };
		01B1DED919E87620004665FD /* PauseButton@2x.png */ = {isa = PBXFileReference; lastKnownFileType = image.png; path = "PauseButton@2x.png"; sourceTree = "<group>"; };
		01B1DEDA19E87620004665FD /* ResumeButton@2x.png */ = {isa = PBXFileReference; lastKnownFileType = image.png; path = "ResumeButton@2x.png"; sourceTree = "<group>"; };
		01B1DEE219E89EDA004665FD /* ObservingTheStar.caf */ = {isa = PBXFileReference; lastKnownFileType = file; path = ObservingTheStar.caf; sourceTree = "<group>"; };
		01B1DEE419E89F9A004665FD /* MusicOffButton@2x.png */ = {isa = PBXFileReference; lastKnownFileType = image.png; path = "MusicOffButton@2x.png"; sourceTree = "<group>"; };
		01B1DEE519E89F9A004665FD /* MusicOnButton@2x.png */ = {isa = PBXFileReference; lastKnownFileType = image.png; path = "MusicOnButton@2x.png"; sourceTree = "<group>"; };
		01B9CEDF19E30A82003673F6 /* LifeBarExplosion.sks */ = {isa = PBXFileReference; lastKnownFileType = file.sks; path = LifeBarExplosion.sks; sourceTree = "<group>"; };
		01B9CEE019E30A82003673F6 /* spark.png */ = {isa = PBXFileReference; lastKnownFileType = image.png; path = spark.png; sourceTree = "<group>"; };
		01B9CEE319E30E69003673F6 /* EdgeHit.sks */ = {isa = PBXFileReference; lastKnownFileType = file.sks; path = EdgeHit.sks; sourceTree = "<group>"; };
		01CD8CAF19E6D506002381D4 /* BallTrail.sks */ = {isa = PBXFileReference; lastKnownFileType = file.sks; path = BallTrail.sks; sourceTree = "<group>"; };
		01EC34D019E44A1F0049E6D0 /* Bounce.caf */ = {isa = PBXFileReference; lastKnownFileType = file; path = Bounce.caf; sourceTree = "<group>"; };
		01EC34D119E44A1F0049E6D0 /* DeepExplosion.caf */ = {isa = PBXFileReference; lastKnownFileType = file; path = DeepExplosion.caf; sourceTree = "<group>"; };
		01EC34D219E44A1F0049E6D0 /* Explosion.caf */ = {isa = PBXFileReference; lastKnownFileType = file; path = Explosion.caf; sourceTree = "<group>"; };
		01EC34D319E44A1F0049E6D0 /* Laser.caf */ = {isa = PBXFileReference; lastKnownFileType = file; path = Laser.caf; sourceTree = "<group>"; };
		01EC34D419E44A1F0049E6D0 /* Zap.caf */ = {isa = PBXFileReference; lastKnownFileType = file; path = Zap.caf; sourceTree = "<group>"; };
		01EC34DA19E44D450049E6D0 /* PlayButton@2x.png */ = {isa = PBXFileReference; lastKnownFileType = image.png; path = "PlayButton@2x.png"; sourceTree = "<group>"; };
		01EC34DB19E44D450049E6D0 /* ScoreBoard@2x.png */ = {isa = PBXFileReference; lastKnownFileType = image.png; path = "ScoreBoard@2x.png"; sourceTree = "<group>"; };
		01EC34DC19E44D450049E6D0 /* Title@2x.png */ = {isa = PBXFileReference; lastKnownFileType = image.png; path = "Title@2x.png"; sourceTree = "<group>"; };
		01EC34E019E44DEC0049E6D0 /* Menu.swift */ = {isa = PBXFileReference; fileEncoding = 4; lastKnownFileType = sourcecode.swift; name = Menu.swift; path = Classes/Menu.swift; sourceTree = "<group>"; };
/* End PBXFileReference section */

/* Begin PBXFrameworksBuildPhase section */
		011D947419D83B3900E14A3F /* Frameworks */ = {
			isa = PBXFrameworksBuildPhase;
			buildActionMask = 2147483647;
			files = (
			);
			runOnlyForDeploymentPostprocessing = 0;
		};
		011D948D19D83B3900E14A3F /* Frameworks */ = {
			isa = PBXFrameworksBuildPhase;
			buildActionMask = 2147483647;
			files = (
			);
			runOnlyForDeploymentPostprocessing = 0;
		};
/* End PBXFrameworksBuildPhase section */

/* Begin PBXGroup section */
		011D946E19D83B3900E14A3F = {
			isa = PBXGroup;
			children = (
				011D947919D83B3900E14A3F /* Space Cannon */,
				011D949319D83B3900E14A3F /* Space CannonTests */,
				011D947819D83B3900E14A3F /* Products */,
			);
			sourceTree = "<group>";
		};
		011D947819D83B3900E14A3F /* Products */ = {
			isa = PBXGroup;
			children = (
				011D947719D83B3900E14A3F /* Space Cannon.app */,
				011D949019D83B3900E14A3F /* Space CannonTests.xctest */,
			);
			name = Products;
			sourceTree = "<group>";
		};
		011D947919D83B3900E14A3F /* Space Cannon */ = {
			isa = PBXGroup;
			children = (
				01CD8CAF19E6D506002381D4 /* BallTrail.sks */,
				013A378019E2D5F800EC1CD4 /* HaloExplosion.sks */,
				011D947C19D83B3900E14A3F /* AppDelegate.swift */,
				011D947E19D83B3900E14A3F /* GameScene.sks */,
				011D948019D83B3900E14A3F /* GameScene.swift */,
				01B9CEE319E30E69003673F6 /* EdgeHit.sks */,
				01B9CEDF19E30A82003673F6 /* LifeBarExplosion.sks */,
				01B9CEE019E30A82003673F6 /* spark.png */,
				011D948219D83B3900E14A3F /* GameViewController.swift */,
				011D948419D83B3900E14A3F /* Main.storyboard */,
				011D948719D83B3900E14A3F /* Images.xcassets */,
				011D948919D83B3900E14A3F /* LaunchScreen.xib */,
				01EC34E219E44E490049E6D0 /* Classes */,
				011D94A019D83D2E00E14A3F /* images */,
				01EC34CF19E44A1F0049E6D0 /* sounds */,
				01B1DEDE19E88B8B004665FD /* Music */,
				011D947A19D83B3900E14A3F /* Supporting Files */,
			);
			path = "Space Cannon";
			sourceTree = "<group>";
		};
		011D947A19D83B3900E14A3F /* Supporting Files */ = {
			isa = PBXGroup;
			children = (
				011D947B19D83B3900E14A3F /* Info.plist */,
			);
			name = "Supporting Files";
			sourceTree = "<group>";
		};
		011D949319D83B3900E14A3F /* Space CannonTests */ = {
			isa = PBXGroup;
			children = (
				011D949619D83B3900E14A3F /* Space_CannonTests.swift */,
				011D949419D83B3900E14A3F /* Supporting Files */,
			);
			path = "Space CannonTests";
			sourceTree = "<group>";
		};
		011D949419D83B3900E14A3F /* Supporting Files */ = {
			isa = PBXGroup;
			children = (
				011D949519D83B3900E14A3F /* Info.plist */,
			);
			name = "Supporting Files";
			sourceTree = "<group>";
		};
		011D94A019D83D2E00E14A3F /* images */ = {
			isa = PBXGroup;
			children = (
				01B1DEE419E89F9A004665FD /* MusicOffButton@2x.png */,
				01B1DEE519E89F9A004665FD /* MusicOnButton@2x.png */,
				01B1DED919E87620004665FD /* PauseButton@2x.png */,
				01B1DEDA19E87620004665FD /* ResumeButton@2x.png */,
				0179A41319E82D4500DC11B2 /* GreenCannon@2x.png */,
				0179A41419E82D4500DC11B2 /* MultiShotPowerUp@2x.png */,
				01EC34DA19E44D450049E6D0 /* PlayButton@2x.png */,
				01EC34DB19E44D450049E6D0 /* ScoreBoard@2x.png */,
				01EC34DC19E44D450049E6D0 /* Title@2x.png */,
				011D94A119D83D2E00E14A3F /* Ammo0@2x.png */,
				011D94A219D83D2E00E14A3F /* Ammo1@2x.png */,
				011D94A319D83D2E00E14A3F /* Ammo2@2x.png */,
				011D94A419D83D2E00E14A3F /* Ammo3@2x.png */,
				011D94A519D83D2E00E14A3F /* Ammo4@2x.png */,
				011D94A619D83D2E00E14A3F /* Ammo5@2x.png */,
				011D94A719D83D2E00E14A3F /* Ball@2x.png */,
				011D94A819D83D2E00E14A3F /* Block@2x.png */,
				011D94A919D83D2E00E14A3F /* BlueBar@2x.png */,
				011D94AA19D83D2E00E14A3F /* Cannon@2x.png */,
				011D94AB19D83D2E00E14A3F /* Halo@2x.png */,
				0179A40F19E711CF00DC11B2 /* HaloBomb@2x.png */,
				0179A40D19E7018D00DC11B2 /* HaloX@2x.png */,
				011D94AC19D83D2E00E14A3F /* Starfield@2x.png */,
			);
			path = images;
			sourceTree = "<group>";
		};
		01B1DEDE19E88B8B004665FD /* Music */ = {
			isa = PBXGroup;
			children = (
				01B1DEE219E89EDA004665FD /* ObservingTheStar.caf */,
			);
			name = Music;
			path = Sounds;
			sourceTree = "<group>";
		};
		01EC34CF19E44A1F0049E6D0 /* sounds */ = {
			isa = PBXGroup;
			children = (
				0179A41119E8276E00DC11B2 /* ShieldUp.caf */,
				01EC34D019E44A1F0049E6D0 /* Bounce.caf */,
				01EC34D119E44A1F0049E6D0 /* DeepExplosion.caf */,
				01EC34D219E44A1F0049E6D0 /* Explosion.caf */,
				01EC34D319E44A1F0049E6D0 /* Laser.caf */,
				01EC34D419E44A1F0049E6D0 /* Zap.caf */,
			);
			name = sounds;
			path = Sounds;
			sourceTree = "<group>";
		};
		01EC34E219E44E490049E6D0 /* Classes */ = {
			isa = PBXGroup;
			children = (
				0179A40919E6DD1F00DC11B2 /* Ball.swift */,
				0179A40B19E6ED2200DC11B2 /* Halo.swift */,
				01EC34E019E44DEC0049E6D0 /* Menu.swift */,
			);
			name = Classes;
			sourceTree = "<group>";
		};
/* End PBXGroup section */

/* Begin PBXNativeTarget section */
		011D947619D83B3900E14A3F /* Space Cannon */ = {
			isa = PBXNativeTarget;
			buildConfigurationList = 011D949A19D83B3900E14A3F /* Build configuration list for PBXNativeTarget "Space Cannon" */;
			buildPhases = (
				011D947319D83B3900E14A3F /* Sources */,
				011D947419D83B3900E14A3F /* Frameworks */,
				011D947519D83B3900E14A3F /* Resources */,
			);
			buildRules = (
			);
			dependencies = (
			);
			name = "Space Cannon";
			productName = "Space Cannon";
			productReference = 011D947719D83B3900E14A3F /* Space Cannon.app */;
			productType = "com.apple.product-type.application";
		};
		011D948F19D83B3900E14A3F /* Space CannonTests */ = {
			isa = PBXNativeTarget;
			buildConfigurationList = 011D949D19D83B3900E14A3F /* Build configuration list for PBXNativeTarget "Space CannonTests" */;
			buildPhases = (
				011D948C19D83B3900E14A3F /* Sources */,
				011D948D19D83B3900E14A3F /* Frameworks */,
				011D948E19D83B3900E14A3F /* Resources */,
			);
			buildRules = (
			);
			dependencies = (
				011D949219D83B3900E14A3F /* PBXTargetDependency */,
			);
			name = "Space CannonTests";
			productName = "Space CannonTests";
			productReference = 011D949019D83B3900E14A3F /* Space CannonTests.xctest */;
			productType = "com.apple.product-type.bundle.unit-test";
		};
/* End PBXNativeTarget section */

/* Begin PBXProject section */
		011D946F19D83B3900E14A3F /* Project object */ = {
			isa = PBXProject;
			attributes = {
				LastUpgradeCheck = 0600;
				ORGANIZATIONNAME = Boyd;
				TargetAttributes = {
					011D947619D83B3900E14A3F = {
						CreatedOnToolsVersion = 6.0;
						DevelopmentTeam = 82238E7CP2;
					};
					011D948F19D83B3900E14A3F = {
						CreatedOnToolsVersion = 6.0;
						TestTargetID = 011D947619D83B3900E14A3F;
					};
				};
			};
			buildConfigurationList = 011D947219D83B3900E14A3F /* Build configuration list for PBXProject "Space Cannon" */;
			compatibilityVersion = "Xcode 3.2";
			developmentRegion = English;
			hasScannedForEncodings = 0;
			knownRegions = (
				en,
				Base,
			);
			mainGroup = 011D946E19D83B3900E14A3F;
			productRefGroup = 011D947819D83B3900E14A3F /* Products */;
			projectDirPath = "";
			projectRoot = "";
			targets = (
				011D947619D83B3900E14A3F /* Space Cannon */,
				011D948F19D83B3900E14A3F /* Space CannonTests */,
			);
		};
/* End PBXProject section */

/* Begin PBXResourcesBuildPhase section */
		011D947519D83B3900E14A3F /* Resources */ = {
			isa = PBXResourcesBuildPhase;
			buildActionMask = 2147483647;
			files = (
				01EC34D819E44A1F0049E6D0 /* Laser.caf in Resources */,
				011D94B219D83D2E00E14A3F /* Ammo5@2x.png in Resources */,
				0179A41219E8285E00DC11B2 /* ShieldUp.caf in Resources */,
				01B9CEE119E30A82003673F6 /* LifeBarExplosion.sks in Resources */,
				011D94B319D83D2E00E14A3F /* Ball@2x.png in Resources */,
				01EC34DD19E44D450049E6D0 /* PlayButton@2x.png in Resources */,
				011D948B19D83B3900E14A3F /* LaunchScreen.xib in Resources */,
				0179A41619E82D4500DC11B2 /* MultiShotPowerUp@2x.png in Resources */,
				011D94B519D83D2E00E14A3F /* BlueBar@2x.png in Resources */,
				01B1DEDC19E87620004665FD /* ResumeButton@2x.png in Resources */,
				01B1DEE619E89F9A004665FD /* MusicOffButton@2x.png in Resources */,
				011D94B119D83D2E00E14A3F /* Ammo4@2x.png in Resources */,
				01EC34DE19E44D450049E6D0 /* ScoreBoard@2x.png in Resources */,
				01B9CEE219E30A82003673F6 /* spark.png in Resources */,
				011D94B419D83D2E00E14A3F /* Block@2x.png in Resources */,
				011D94AD19D83D2E00E14A3F /* Ammo0@2x.png in Resources */,
				01B1DEE719E89F9A004665FD /* MusicOnButton@2x.png in Resources */,
				011D94AE19D83D2E00E14A3F /* Ammo1@2x.png in Resources */,
				01EC34D619E44A1F0049E6D0 /* DeepExplosion.caf in Resources */,
				011D948819D83B3900E14A3F /* Images.xcassets in Resources */,
				01EC34D519E44A1F0049E6D0 /* Bounce.caf in Resources */,
				01EC34D919E44A1F0049E6D0 /* Zap.caf in Resources */,
				011D947F19D83B3900E14A3F /* GameScene.sks in Resources */,
				013A378219E2D5F800EC1CD4 /* HaloExplosion.sks in Resources */,
				01EC34DF19E44D450049E6D0 /* Title@2x.png in Resources */,
				011D948619D83B3900E14A3F /* Main.storyboard in Resources */,
				011D94B819D83D2E00E14A3F /* Starfield@2x.png in Resources */,
				01B1DEE319E89EDA004665FD /* ObservingTheStar.caf in Resources */,
				011D94B019D83D2E00E14A3F /* Ammo3@2x.png in Resources */,
				011D94B719D83D2E00E14A3F /* Halo@2x.png in Resources */,
				011D94AF19D83D2E00E14A3F /* Ammo2@2x.png in Resources */,
				0179A41019E711CF00DC11B2 /* HaloBomb@2x.png in Resources */,
				0179A40E19E7018D00DC11B2 /* HaloX@2x.png in Resources */,
				01CD8CB019E6D506002381D4 /* BallTrail.sks in Resources */,
				011D94B619D83D2E00E14A3F /* Cannon@2x.png in Resources */,
				01EC34D719E44A1F0049E6D0 /* Explosion.caf in Resources */,
				01B1DEDB19E87620004665FD /* PauseButton@2x.png in Resources */,
				0179A41519E82D4500DC11B2 /* GreenCannon@2x.png in Resources */,
				01B9CEE419E30E69003673F6 /* EdgeHit.sks in Resources */,
			);
			runOnlyForDeploymentPostprocessing = 0;
		};
		011D948E19D83B3900E14A3F /* Resources */ = {
			isa = PBXResourcesBuildPhase;
			buildActionMask = 2147483647;
			files = (
			);
			runOnlyForDeploymentPostprocessing = 0;
		};
/* End PBXResourcesBuildPhase section */

/* Begin PBXSourcesBuildPhase section */
		011D947319D83B3900E14A3F /* Sources */ = {
			isa = PBXSourcesBuildPhase;
			buildActionMask = 2147483647;
			files = (
				011D948119D83B3900E14A3F /* GameScene.swift in Sources */,
				011D948319D83B3900E14A3F /* GameViewController.swift in Sources */,
				0179A40A19E6DD1F00DC11B2 /* Ball.swift in Sources */,
				01EC34E119E44DEC0049E6D0 /* Menu.swift in Sources */,
				011D947D19D83B3900E14A3F /* AppDelegate.swift in Sources */,
				0179A40C19E6ED2200DC11B2 /* Halo.swift in Sources */,
			);
			runOnlyForDeploymentPostprocessing = 0;
		};
		011D948C19D83B3900E14A3F /* Sources */ = {
			isa = PBXSourcesBuildPhase;
			buildActionMask = 2147483647;
			files = (
				011D949719D83B3900E14A3F /* Space_CannonTests.swift in Sources */,
			);
			runOnlyForDeploymentPostprocessing = 0;
		};
/* End PBXSourcesBuildPhase section */

/* Begin PBXTargetDependency section */
		011D949219D83B3900E14A3F /* PBXTargetDependency */ = {
			isa = PBXTargetDependency;
			target = 011D947619D83B3900E14A3F /* Space Cannon */;
			targetProxy = 011D949119D83B3900E14A3F /* PBXContainerItemProxy */;
		};
/* End PBXTargetDependency section */

/* Begin PBXVariantGroup section */
		011D948419D83B3900E14A3F /* Main.storyboard */ = {
			isa = PBXVariantGroup;
			children = (
				011D948519D83B3900E14A3F /* Base */,
			);
			name = Main.storyboard;
			sourceTree = "<group>";
		};
		011D948919D83B3900E14A3F /* LaunchScreen.xib */ = {
			isa = PBXVariantGroup;
			children = (
				011D948A19D83B3900E14A3F /* Base */,
			);
			name = LaunchScreen.xib;
			sourceTree = "<group>";
		};
/* End PBXVariantGroup section */

/* Begin XCBuildConfiguration section */
		011D949819D83B3900E14A3F /* Debug */ = {
			isa = XCBuildConfiguration;
			buildSettings = {
				ALWAYS_SEARCH_USER_PATHS = NO;
				CLANG_CXX_LANGUAGE_STANDARD = "gnu++0x";
				CLANG_CXX_LIBRARY = "libc++";
				CLANG_ENABLE_MODULES = YES;
				CLANG_ENABLE_OBJC_ARC = YES;
				CLANG_WARN_BOOL_CONVERSION = YES;
				CLANG_WARN_CONSTANT_CONVERSION = YES;
				CLANG_WARN_DIRECT_OBJC_ISA_USAGE = YES_ERROR;
				CLANG_WARN_EMPTY_BODY = YES;
				CLANG_WARN_ENUM_CONVERSION = YES;
				CLANG_WARN_INT_CONVERSION = YES;
				CLANG_WARN_OBJC_ROOT_CLASS = YES_ERROR;
				CLANG_WARN_UNREACHABLE_CODE = YES;
				CLANG_WARN__DUPLICATE_METHOD_MATCH = YES;
				"CODE_SIGN_IDENTITY[sdk=iphoneos*]" = "iPhone Developer";
				COPY_PHASE_STRIP = NO;
				ENABLE_STRICT_OBJC_MSGSEND = YES;
				GCC_C_LANGUAGE_STANDARD = gnu99;
				GCC_DYNAMIC_NO_PIC = NO;
				GCC_OPTIMIZATION_LEVEL = 0;
				GCC_PREPROCESSOR_DEFINITIONS = (
					"DEBUG=1",
					"$(inherited)",
				);
				GCC_SYMBOLS_PRIVATE_EXTERN = NO;
				GCC_WARN_64_TO_32_BIT_CONVERSION = YES;
				GCC_WARN_ABOUT_RETURN_TYPE = YES_ERROR;
				GCC_WARN_UNDECLARED_SELECTOR = YES;
				GCC_WARN_UNINITIALIZED_AUTOS = YES_AGGRESSIVE;
				GCC_WARN_UNUSED_FUNCTION = YES;
				GCC_WARN_UNUSED_VARIABLE = YES;
				IPHONEOS_DEPLOYMENT_TARGET = 8.0;
				MTL_ENABLE_DEBUG_INFO = YES;
				ONLY_ACTIVE_ARCH = YES;
				SDKROOT = iphoneos;
				SWIFT_OPTIMIZATION_LEVEL = "-Onone";
			};
			name = Debug;
		};
		011D949919D83B3900E14A3F /* Release */ = {
			isa = XCBuildConfiguration;
			buildSettings = {
				ALWAYS_SEARCH_USER_PATHS = NO;
				CLANG_CXX_LANGUAGE_STANDARD = "gnu++0x";
				CLANG_CXX_LIBRARY = "libc++";
				CLANG_ENABLE_MODULES = YES;
				CLANG_ENABLE_OBJC_ARC = YES;
				CLANG_WARN_BOOL_CONVERSION = YES;
				CLANG_WARN_CONSTANT_CONVERSION = YES;
				CLANG_WARN_DIRECT_OBJC_ISA_USAGE = YES_ERROR;
				CLANG_WARN_EMPTY_BODY = YES;
				CLANG_WARN_ENUM_CONVERSION = YES;
				CLANG_WARN_INT_CONVERSION = YES;
				CLANG_WARN_OBJC_ROOT_CLASS = YES_ERROR;
				CLANG_WARN_UNREACHABLE_CODE = YES;
				CLANG_WARN__DUPLICATE_METHOD_MATCH = YES;
				"CODE_SIGN_IDENTITY[sdk=iphoneos*]" = "iPhone Developer";
				COPY_PHASE_STRIP = YES;
				ENABLE_NS_ASSERTIONS = NO;
				ENABLE_STRICT_OBJC_MSGSEND = YES;
				GCC_C_LANGUAGE_STANDARD = gnu99;
				GCC_WARN_64_TO_32_BIT_CONVERSION = YES;
				GCC_WARN_ABOUT_RETURN_TYPE = YES_ERROR;
				GCC_WARN_UNDECLARED_SELECTOR = YES;
				GCC_WARN_UNINITIALIZED_AUTOS = YES_AGGRESSIVE;
				GCC_WARN_UNUSED_FUNCTION = YES;
				GCC_WARN_UNUSED_VARIABLE = YES;
				IPHONEOS_DEPLOYMENT_TARGET = 8.0;
				MTL_ENABLE_DEBUG_INFO = NO;
				SDKROOT = iphoneos;
				VALIDATE_PRODUCT = YES;
			};
			name = Release;
		};
		011D949B19D83B3900E14A3F /* Debug */ = {
			isa = XCBuildConfiguration;
			buildSettings = {
				ASSETCATALOG_COMPILER_APPICON_NAME = AppIcon;
				CODE_SIGN_IDENTITY = "iPhone Developer";
				"CODE_SIGN_IDENTITY[sdk=iphoneos*]" = "iPhone Developer";
				INFOPLIST_FILE = "Space Cannon/Info.plist";
				LD_RUNPATH_SEARCH_PATHS = "$(inherited) @executable_path/Frameworks";
				PRODUCT_NAME = "$(TARGET_NAME)";
				PROVISIONING_PROFILE = "";
			};
			name = Debug;
		};
		011D949C19D83B3900E14A3F /* Release */ = {
			isa = XCBuildConfiguration;
			buildSettings = {
				ASSETCATALOG_COMPILER_APPICON_NAME = AppIcon;
				CODE_SIGN_IDENTITY = "iPhone Developer";
				"CODE_SIGN_IDENTITY[sdk=iphoneos*]" = "iPhone Developer";
				INFOPLIST_FILE = "Space Cannon/Info.plist";
				LD_RUNPATH_SEARCH_PATHS = "$(inherited) @executable_path/Frameworks";
				PRODUCT_NAME = "$(TARGET_NAME)";
				PROVISIONING_PROFILE = "";
			};
			name = Release;
		};
		011D949E19D83B3900E14A3F /* Debug */ = {
			isa = XCBuildConfiguration;
			buildSettings = {
				BUNDLE_LOADER = "$(TEST_HOST)";
				FRAMEWORK_SEARCH_PATHS = (
					"$(SDKROOT)/Developer/Library/Frameworks",
					"$(inherited)",
				);
				GCC_PREPROCESSOR_DEFINITIONS = (
					"DEBUG=1",
					"$(inherited)",
				);
				INFOPLIST_FILE = "Space CannonTests/Info.plist";
				LD_RUNPATH_SEARCH_PATHS = "$(inherited) @executable_path/Frameworks @loader_path/Frameworks";
				PRODUCT_NAME = "$(TARGET_NAME)";
				TEST_HOST = "$(BUILT_PRODUCTS_DIR)/Space Cannon.app/Space Cannon";
			};
			name = Debug;
		};
		011D949F19D83B3900E14A3F /* Release */ = {
			isa = XCBuildConfiguration;
			buildSettings = {
				BUNDLE_LOADER = "$(TEST_HOST)";
				FRAMEWORK_SEARCH_PATHS = (
					"$(SDKROOT)/Developer/Library/Frameworks",
					"$(inherited)",
				);
				INFOPLIST_FILE = "Space CannonTests/Info.plist";
				LD_RUNPATH_SEARCH_PATHS = "$(inherited) @executable_path/Frameworks @loader_path/Frameworks";
				PRODUCT_NAME = "$(TARGET_NAME)";
				TEST_HOST = "$(BUILT_PRODUCTS_DIR)/Space Cannon.app/Space Cannon";
			};
			name = Release;
		};
/* End XCBuildConfiguration section */

/* Begin XCConfigurationList section */
		011D947219D83B3900E14A3F /* Build configuration list for PBXProject "Space Cannon" */ = {
			isa = XCConfigurationList;
			buildConfigurations = (
				011D949819D83B3900E14A3F /* Debug */,
				011D949919D83B3900E14A3F /* Release */,
			);
			defaultConfigurationIsVisible = 0;
			defaultConfigurationName = Release;
		};
		011D949A19D83B3900E14A3F /* Build configuration list for PBXNativeTarget "Space Cannon" */ = {
			isa = XCConfigurationList;
			buildConfigurations = (
				011D949B19D83B3900E14A3F /* Debug */,
				011D949C19D83B3900E14A3F /* Release */,
			);
			defaultConfigurationIsVisible = 0;
			defaultConfigurationName = Release;
		};
		011D949D19D83B3900E14A3F /* Build configuration list for PBXNativeTarget "Space CannonTests" */ = {
			isa = XCConfigurationList;
			buildConfigurations = (
				011D949E19D83B3900E14A3F /* Debug */,
				011D949F19D83B3900E14A3F /* Release */,
			);
			defaultConfigurationIsVisible = 0;
			defaultConfigurationName = Release;
		};
/* End XCConfigurationList section */
	};
	rootObject = 011D946F19D83B3900E14A3F /* Project object */;
}
