// !$*UTF8*$!
{
	archiveVersion = 1;
	classes = {
	};
	objectVersion = 46;
	objects = {

/* Begin PBXBuildFile section */
		E6603677194A792100A62048 /* AppDelegate.swift in Sources */ = {isa = PBXBuildFile; fileRef = E6603676194A792100A62048 /* AppDelegate.swift */; };
		E6603679194A792100A62048 /* ViewController.swift in Sources */ = {isa = PBXBuildFile; fileRef = E6603678194A792100A62048 /* ViewController.swift */; };
		E660367C194A792100A62048 /* Main.storyboard in Resources */ = {isa = PBXBuildFile; fileRef = E660367A194A792100A62048 /* Main.storyboard */; };
		E660367E194A792100A62048 /* Images.xcassets in Resources */ = {isa = PBXBuildFile; fileRef = E660367D194A792100A62048 /* Images.xcassets */; };
		E660368A194A792100A62048 /* LiveImpedenceTests.swift in Sources */ = {isa = PBXBuildFile; fileRef = E6603689194A792100A62048 /* LiveImpedenceTests.swift */; };
		E6603694194A7B8B00A62048 /* QuartzCore.framework in Frameworks */ = {isa = PBXBuildFile; fileRef = E6603693194A7B8B00A62048 /* QuartzCore.framework */; };
/* End PBXBuildFile section */

/* Begin PBXContainerItemProxy section */
		E6603684194A792100A62048 /* PBXContainerItemProxy */ = {
			isa = PBXContainerItemProxy;
			containerPortal = E6603669194A792100A62048 /* Project object */;
			proxyType = 1;
			remoteGlobalIDString = E6603670194A792100A62048;
			remoteInfo = LiveImpedence;
		};
/* End PBXContainerItemProxy section */

/* Begin PBXFileReference section */
		E6603671194A792100A62048 /* LiveImpedence.app */ = {isa = PBXFileReference; explicitFileType = wrapper.application; includeInIndex = 0; path = LiveImpedence.app; sourceTree = BUILT_PRODUCTS_DIR; };
		E6603675194A792100A62048 /* Info.plist */ = {isa = PBXFileReference; lastKnownFileType = text.plist.xml; path = Info.plist; sourceTree = "<group>"; };
		E6603676194A792100A62048 /* AppDelegate.swift */ = {isa = PBXFileReference; lastKnownFileType = sourcecode.swift; path = AppDelegate.swift; sourceTree = "<group>"; };
		E6603678194A792100A62048 /* ViewController.swift */ = {isa = PBXFileReference; lastKnownFileType = sourcecode.swift; path = ViewController.swift; sourceTree = "<group>"; };
		E660367B194A792100A62048 /* Base */ = {isa = PBXFileReference; lastKnownFileType = file.storyboard; name = Base; path = Base.lproj/Main.storyboard; sourceTree = "<group>"; };
		E660367D194A792100A62048 /* Images.xcassets */ = {isa = PBXFileReference; lastKnownFileType = folder.assetcatalog; path = Images.xcassets; sourceTree = "<group>"; };
		E6603683194A792100A62048 /* LiveImpedenceTests.xctest */ = {isa = PBXFileReference; explicitFileType = wrapper.cfbundle; includeInIndex = 0; path = LiveImpedenceTests.xctest; sourceTree = BUILT_PRODUCTS_DIR; };
		E6603688194A792100A62048 /* Info.plist */ = {isa = PBXFileReference; lastKnownFileType = text.plist.xml; path = Info.plist; sourceTree = "<group>"; };
		E6603689194A792100A62048 /* LiveImpedenceTests.swift */ = {isa = PBXFileReference; lastKnownFileType = sourcecode.swift; path = LiveImpedenceTests.swift; sourceTree = "<group>"; };
		E6603693194A7B8B00A62048 /* QuartzCore.framework */ = {isa = PBXFileReference; lastKnownFileType = wrapper.framework; name = QuartzCore.framework; path = System/Library/Frameworks/QuartzCore.framework; sourceTree = SDKROOT; };
/* End PBXFileReference section */

/* Begin PBXFrameworksBuildPhase section */
		E660366E194A792100A62048 /* Frameworks */ = {
			isa = PBXFrameworksBuildPhase;
			buildActionMask = 2147483647;
			files = (
				E6603694194A7B8B00A62048 /* QuartzCore.framework in Frameworks */,
			);
			runOnlyForDeploymentPostprocessing = 0;
		};
		E6603680194A792100A62048 /* Frameworks */ = {
			isa = PBXFrameworksBuildPhase;
			buildActionMask = 2147483647;
			files = (
			);
			runOnlyForDeploymentPostprocessing = 0;
		};
/* End PBXFrameworksBuildPhase section */

/* Begin PBXGroup section */
		E6603668194A792100A62048 = {
			isa = PBXGroup;
			children = (
				E6603673194A792100A62048 /* LiveImpedence */,
				E6603686194A792100A62048 /* LiveImpedenceTests */,
				E6603672194A792100A62048 /* Products */,
			);
			sourceTree = "<group>";
		};
		E6603672194A792100A62048 /* Products */ = {
			isa = PBXGroup;
			children = (
				E6603671194A792100A62048 /* LiveImpedence.app */,
				E6603683194A792100A62048 /* LiveImpedenceTests.xctest */,
			);
			name = Products;
			sourceTree = "<group>";
		};
		E6603673194A792100A62048 /* LiveImpedence */ = {
			isa = PBXGroup;
			children = (
				E6603676194A792100A62048 /* AppDelegate.swift */,
				E6603678194A792100A62048 /* ViewController.swift */,
				E660367A194A792100A62048 /* Main.storyboard */,
				E660367D194A792100A62048 /* Images.xcassets */,
				E6603674194A792100A62048 /* Supporting Files */,
			);
			path = LiveImpedence;
			sourceTree = "<group>";
		};
		E6603674194A792100A62048 /* Supporting Files */ = {
			isa = PBXGroup;
			children = (
				E6603693194A7B8B00A62048 /* QuartzCore.framework */,
				E6603675194A792100A62048 /* Info.plist */,
			);
			name = "Supporting Files";
			sourceTree = "<group>";
		};
		E6603686194A792100A62048 /* LiveImpedenceTests */ = {
			isa = PBXGroup;
			children = (
				E6603689194A792100A62048 /* LiveImpedenceTests.swift */,
				E6603687194A792100A62048 /* Supporting Files */,
			);
			path = LiveImpedenceTests;
			sourceTree = "<group>";
		};
		E6603687194A792100A62048 /* Supporting Files */ = {
			isa = PBXGroup;
			children = (
				E6603688194A792100A62048 /* Info.plist */,
			);
			name = "Supporting Files";
			sourceTree = "<group>";
		};
/* End PBXGroup section */

/* Begin PBXNativeTarget section */
		E6603670194A792100A62048 /* LiveImpedence */ = {
			isa = PBXNativeTarget;
			buildConfigurationList = E660368D194A792100A62048 /* Build configuration list for PBXNativeTarget "LiveImpedence" */;
			buildPhases = (
				E660366D194A792100A62048 /* Sources */,
				E660366E194A792100A62048 /* Frameworks */,
				E660366F194A792100A62048 /* Resources */,
			);
			buildRules = (
			);
			dependencies = (
			);
			name = LiveImpedence;
			productName = LiveImpedence;
			productReference = E6603671194A792100A62048 /* LiveImpedence.app */;
			productType = "com.apple.product-type.application";
		};
		E6603682194A792100A62048 /* LiveImpedenceTests */ = {
			isa = PBXNativeTarget;
			buildConfigurationList = E6603690194A792100A62048 /* Build configuration list for PBXNativeTarget "LiveImpedenceTests" */;
			buildPhases = (
				E660367F194A792100A62048 /* Sources */,
				E6603680194A792100A62048 /* Frameworks */,
				E6603681194A792100A62048 /* Resources */,
			);
			buildRules = (
			);
			dependencies = (
				E6603685194A792100A62048 /* PBXTargetDependency */,
			);
			name = LiveImpedenceTests;
			productName = LiveImpedenceTests;
			productReference = E6603683194A792100A62048 /* LiveImpedenceTests.xctest */;
			productType = "com.apple.product-type.bundle.unit-test";
		};
/* End PBXNativeTarget section */

/* Begin PBXProject section */
		E6603669194A792100A62048 /* Project object */ = {
			isa = PBXProject;
			attributes = {
				LastUpgradeCheck = 0600;
				ORGANIZATIONNAME = Monsterbomb;
				TargetAttributes = {
					E6603670194A792100A62048 = {
						CreatedOnToolsVersion = 6.0;
					};
					E6603682194A792100A62048 = {
						CreatedOnToolsVersion = 6.0;
						TestTargetID = E6603670194A792100A62048;
					};
				};
			};
			buildConfigurationList = E660366C194A792100A62048 /* Build configuration list for PBXProject "LiveImpedence" */;
			compatibilityVersion = "Xcode 3.2";
			developmentRegion = English;
			hasScannedForEncodings = 0;
			knownRegions = (
				en,
				Base,
			);
			mainGroup = E6603668194A792100A62048;
			productRefGroup = E6603672194A792100A62048 /* Products */;
			projectDirPath = "";
			projectRoot = "";
			targets = (
				E6603670194A792100A62048 /* LiveImpedence */,
				E6603682194A792100A62048 /* LiveImpedenceTests */,
			);
		};
/* End PBXProject section */

/* Begin PBXResourcesBuildPhase section */
		E660366F194A792100A62048 /* Resources */ = {
			isa = PBXResourcesBuildPhase;
			buildActionMask = 2147483647;
			files = (
				E660367C194A792100A62048 /* Main.storyboard in Resources */,
				E660367E194A792100A62048 /* Images.xcassets in Resources */,
			);
			runOnlyForDeploymentPostprocessing = 0;
		};
		E6603681194A792100A62048 /* Resources */ = {
			isa = PBXResourcesBuildPhase;
			buildActionMask = 2147483647;
			files = (
			);
			runOnlyForDeploymentPostprocessing = 0;
		};
/* End PBXResourcesBuildPhase section */

/* Begin PBXSourcesBuildPhase section */
		E660366D194A792100A62048 /* Sources */ = {
			isa = PBXSourcesBuildPhase;
			buildActionMask = 2147483647;
			files = (
				E6603679194A792100A62048 /* ViewController.swift in Sources */,
				E6603677194A792100A62048 /* AppDelegate.swift in Sources */,
			);
			runOnlyForDeploymentPostprocessing = 0;
		};
		E660367F194A792100A62048 /* Sources */ = {
			isa = PBXSourcesBuildPhase;
			buildActionMask = 2147483647;
			files = (
				E660368A194A792100A62048 /* LiveImpedenceTests.swift in Sources */,
			);
			runOnlyForDeploymentPostprocessing = 0;
		};
/* End PBXSourcesBuildPhase section */

/* Begin PBXTargetDependency section */
		E6603685194A792100A62048 /* PBXTargetDependency */ = {
			isa = PBXTargetDependency;
			target = E6603670194A792100A62048 /* LiveImpedence */;
			targetProxy = E6603684194A792100A62048 /* PBXContainerItemProxy */;
		};
/* End PBXTargetDependency section */

/* Begin PBXVariantGroup section */
		E660367A194A792100A62048 /* Main.storyboard */ = {
			isa = PBXVariantGroup;
			children = (
				E660367B194A792100A62048 /* Base */,
			);
			name = Main.storyboard;
			sourceTree = "<group>";
		};
/* End PBXVariantGroup section */

/* Begin XCBuildConfiguration section */
		E660368B194A792100A62048 /* Debug */ = {
			isa = XCBuildConfiguration;
			buildSettings = {
				ALWAYS_SEARCH_USER_PATHS = NO;
				CLANG_CXX_LANGUAGE_STANDARD = "gnu++0x";
				CLANG_CXX_LIBRARY = "libc++";
				CLANG_ENABLE_MODULES = YES;
				CLANG_ENABLE_OBJC_ARC = YES;
				CLANG_WARN_BOOL_CONVERSION = YES;
				CLANG_WARN_CONSTANT_CONVERSION = YES;
				CLANG_WARN_DIRECT_OBJC_ISA_USAGE = YES_ERROR;
				CLANG_WARN_EMPTY_BODY = YES;
				CLANG_WARN_ENUM_CONVERSION = YES;
				CLANG_WARN_INT_CONVERSION = YES;
				CLANG_WARN_OBJC_ROOT_CLASS = YES_ERROR;
				CLANG_WARN_UNREACHABLE_CODE = YES;
				CLANG_WARN__DUPLICATE_METHOD_MATCH = YES;
				"CODE_SIGN_IDENTITY[sdk=iphoneos*]" = "iPhone Developer";
				COPY_PHASE_STRIP = NO;
				ENABLE_STRICT_OBJC_MSGSEND = YES;
				GCC_C_LANGUAGE_STANDARD = gnu99;
				GCC_DYNAMIC_NO_PIC = NO;
				GCC_OPTIMIZATION_LEVEL = 0;
				GCC_PREPROCESSOR_DEFINITIONS = (
					"DEBUG=1",
					"$(inherited)",
				);
				GCC_SYMBOLS_PRIVATE_EXTERN = NO;
				GCC_WARN_64_TO_32_BIT_CONVERSION = YES;
				GCC_WARN_ABOUT_RETURN_TYPE = YES_ERROR;
				GCC_WARN_UNDECLARED_SELECTOR = YES;
				GCC_WARN_UNINITIALIZED_AUTOS = YES_AGGRESSIVE;
				GCC_WARN_UNUSED_FUNCTION = YES;
				GCC_WARN_UNUSED_VARIABLE = YES;
				IPHONEOS_DEPLOYMENT_TARGET = 8.0;
				METAL_ENABLE_DEBUG_INFO = YES;
				ONLY_ACTIVE_ARCH = YES;
				SDKROOT = iphoneos;
				SWIFT_OPTIMIZATION_LEVEL = "-Onone";
			};
			name = Debug;
		};
		E660368C194A792100A62048 /* Release */ = {
			isa = XCBuildConfiguration;
			buildSettings = {
				ALWAYS_SEARCH_USER_PATHS = NO;
				CLANG_CXX_LANGUAGE_STANDARD = "gnu++0x";
				CLANG_CXX_LIBRARY = "libc++";
				CLANG_ENABLE_MODULES = YES;
				CLANG_ENABLE_OBJC_ARC = YES;
				CLANG_WARN_BOOL_CONVERSION = YES;
				CLANG_WARN_CONSTANT_CONVERSION = YES;
				CLANG_WARN_DIRECT_OBJC_ISA_USAGE = YES_ERROR;
				CLANG_WARN_EMPTY_BODY = YES;
				CLANG_WARN_ENUM_CONVERSION = YES;
				CLANG_WARN_INT_CONVERSION = YES;
				CLANG_WARN_OBJC_ROOT_CLASS = YES_ERROR;
				CLANG_WARN_UNREACHABLE_CODE = YES;
				CLANG_WARN__DUPLICATE_METHOD_MATCH = YES;
				"CODE_SIGN_IDENTITY[sdk=iphoneos*]" = "iPhone Developer";
				COPY_PHASE_STRIP = YES;
				ENABLE_NS_ASSERTIONS = NO;
				ENABLE_STRICT_OBJC_MSGSEND = YES;
				GCC_C_LANGUAGE_STANDARD = gnu99;
				GCC_WARN_64_TO_32_BIT_CONVERSION = YES;
				GCC_WARN_ABOUT_RETURN_TYPE = YES_ERROR;
				GCC_WARN_UNDECLARED_SELECTOR = YES;
				GCC_WARN_UNINITIALIZED_AUTOS = YES_AGGRESSIVE;
				GCC_WARN_UNUSED_FUNCTION = YES;
				GCC_WARN_UNUSED_VARIABLE = YES;
				IPHONEOS_DEPLOYMENT_TARGET = 8.0;
				METAL_ENABLE_DEBUG_INFO = NO;
				SDKROOT = iphoneos;
				VALIDATE_PRODUCT = YES;
			};
			name = Release;
		};
		E660368E194A792100A62048 /* Debug */ = {
			isa = XCBuildConfiguration;
			buildSettings = {
				ASSETCATALOG_COMPILER_APPICON_NAME = AppIcon;
				ASSETCATALOG_COMPILER_LAUNCHIMAGE_NAME = LaunchImage;
				INFOPLIST_FILE = LiveImpedence/Info.plist;
				LD_RUNPATH_SEARCH_PATHS = "$(inherited) @executable_path/Frameworks";
				PRODUCT_NAME = "$(TARGET_NAME)";
			};
			name = Debug;
		};
		E660368F194A792100A62048 /* Release */ = {
			isa = XCBuildConfiguration;
			buildSettings = {
				ASSETCATALOG_COMPILER_APPICON_NAME = AppIcon;
				ASSETCATALOG_COMPILER_LAUNCHIMAGE_NAME = LaunchImage;
				INFOPLIST_FILE = LiveImpedence/Info.plist;
				LD_RUNPATH_SEARCH_PATHS = "$(inherited) @executable_path/Frameworks";
				PRODUCT_NAME = "$(TARGET_NAME)";
			};
			name = Release;
		};
		E6603691194A792100A62048 /* Debug */ = {
			isa = XCBuildConfiguration;
			buildSettings = {
				BUNDLE_LOADER = "$(BUILT_PRODUCTS_DIR)/LiveImpedence.app/LiveImpedence";
				FRAMEWORK_SEARCH_PATHS = (
					"$(SDKROOT)/Developer/Library/Frameworks",
					"$(inherited)",
				);
				GCC_PREPROCESSOR_DEFINITIONS = (
					"DEBUG=1",
					"$(inherited)",
				);
				INFOPLIST_FILE = LiveImpedenceTests/Info.plist;
				LD_RUNPATH_SEARCH_PATHS = "$(inherited) @executable_path/Frameworks @loader_path/Frameworks";
				METAL_ENABLE_DEBUG_INFO = YES;
				PRODUCT_NAME = "$(TARGET_NAME)";
				TEST_HOST = "$(BUNDLE_LOADER)";
			};
			name = Debug;
		};
		E6603692194A792100A62048 /* Release */ = {
			isa = XCBuildConfiguration;
			buildSettings = {
				BUNDLE_LOADER = "$(BUILT_PRODUCTS_DIR)/LiveImpedence.app/LiveImpedence";
				FRAMEWORK_SEARCH_PATHS = (
					"$(SDKROOT)/Developer/Library/Frameworks",
					"$(inherited)",
				);
				INFOPLIST_FILE = LiveImpedenceTests/Info.plist;
				LD_RUNPATH_SEARCH_PATHS = "$(inherited) @executable_path/Frameworks @loader_path/Frameworks";
				METAL_ENABLE_DEBUG_INFO = NO;
				PRODUCT_NAME = "$(TARGET_NAME)";
				TEST_HOST = "$(BUNDLE_LOADER)";
			};
			name = Release;
		};
/* End XCBuildConfiguration section */

/* Begin XCConfigurationList section */
		E660366C194A792100A62048 /* Build configuration list for PBXProject "LiveImpedence" */ = {
			isa = XCConfigurationList;
			buildConfigurations = (
				E660368B194A792100A62048 /* Debug */,
				E660368C194A792100A62048 /* Release */,
			);
			defaultConfigurationIsVisible = 0;
			defaultConfigurationName = Release;
		};
		E660368D194A792100A62048 /* Build configuration list for PBXNativeTarget "LiveImpedence" */ = {
			isa = XCConfigurationList;
			buildConfigurations = (
				E660368E194A792100A62048 /* Debug */,
				E660368F194A792100A62048 /* Release */,
			);
			defaultConfigurationIsVisible = 0;
		};
		E6603690194A792100A62048 /* Build configuration list for PBXNativeTarget "LiveImpedenceTests" */ = {
			isa = XCConfigurationList;
			buildConfigurations = (
				E6603691194A792100A62048 /* Debug */,
				E6603692194A792100A62048 /* Release */,
			);
			defaultConfigurationIsVisible = 0;
		};
/* End XCConfigurationList section */
	};
	rootObject = E6603669194A792100A62048 /* Project object */;
}
